
Microsoft Visual Studio Solution File, Format Version 12.00
# Visual Studio Version 17
VisualStudioVersion = 17.7.34024.191
MinimumVisualStudioVersion = 10.0.40219.1
Project("{8BC9CEB8-8B4A-11D0-8D11-00A0C91BC942}") = "NavalWar", "NavalWar.vcxproj", "{DFC50B19-50F4-4B00-BAFB-FEBFE17D1D7A}"
EndProject
Global
	GlobalSection(SolutionConfigurationPlatforms) = preSolution
		Debug|x64 = Debug|x64
		Release|x64 = Release|x64
	EndGlobalSection
	GlobalSection(ProjectConfigurationPlatforms) = postSolution
		{DFC50B19-50F4-4B00-BAFB-FEBFE17D1D7A}.Debug|x64.ActiveCfg = Debug|x64
		{DFC50B19-50F4-4B00-BAFB-FEBFE17D1D7A}.Debug|x64.Build.0 = Debug|x64
		{DFC50B19-50F4-4B00-BAFB-FEBFE17D1D7A}.Release|x64.ActiveCfg = Release|x64
		{DFC50B19-50F4-4B00-BAFB-FEBFE17D1D7A}.Release|x64.Build.0 = Release|x64
	EndGlobalSection
	GlobalSection(SolutionProperties) = preSolution
		HideSolutionNode = FALSE
	EndGlobalSection
	GlobalSection(ExtensibilityGlobals) = postSolution
		SolutionGuid = {B0EEE076-CF69-4A97-AF88-9B0696AF6899}
	EndGlobalSection
EndGlobal
